
Microsoft Visual Studio Solution File, Format Version 12.00
# Visual Studio 15
Project("{FAE04EC0-301F-11D3-BF4B-00C04F79EFBC}") = "Epam.Task1.Sequence", "Epam.Task1.Sequence\Epam.Task1.Sequence.csproj", "{0BAE6AF1-F1BE-4616-8EAD-1600DF89FEA8}"
EndProject
Project("{FAE04EC0-301F-11D3-BF4B-00C04F79EFBC}") = "Epam.Task1.Simple", "Epam.Task1.Simple\Epam.Task1.Simple.csproj", "{EA1B45C3-E416-44A6-809B-6AD648158704}"
EndProject
Project("{FAE04EC0-301F-11D3-BF4B-00C04F79EFBC}") = "Epam.Task1.Square", "Epam.Task1.Square\Epam.Task1.Square.csproj", "{5D26DAEC-FA00-49CF-87BC-31EC3F057386}"
EndProject
Global
	GlobalSection(SolutionConfigurationPlatforms) = preSolution
		Debug|Any CPU = Debug|Any CPU
		Release|Any CPU = Release|Any CPU
	EndGlobalSection
	GlobalSection(ProjectConfigurationPlatforms) = postSolution
		{0BAE6AF1-F1BE-4616-8EAD-1600DF89FEA8}.Debug|Any CPU.ActiveCfg = Debug|Any CPU
		{0BAE6AF1-F1BE-4616-8EAD-1600DF89FEA8}.Debug|Any CPU.Build.0 = Debug|Any CPU
		{0BAE6AF1-F1BE-4616-8EAD-1600DF89FEA8}.Release|Any CPU.ActiveCfg = Release|Any CPU
		{0BAE6AF1-F1BE-4616-8EAD-1600DF89FEA8}.Release|Any CPU.Build.0 = Release|Any CPU
		{EA1B45C3-E416-44A6-809B-6AD648158704}.Debug|Any CPU.ActiveCfg = Debug|Any CPU
		{EA1B45C3-E416-44A6-809B-6AD648158704}.Debug|Any CPU.Build.0 = Debug|Any CPU
		{EA1B45C3-E416-44A6-809B-6AD648158704}.Release|Any CPU.ActiveCfg = Release|Any CPU
		{EA1B45C3-E416-44A6-809B-6AD648158704}.Release|Any CPU.Build.0 = Release|Any CPU
		{5D26DAEC-FA00-49CF-87BC-31EC3F057386}.Debug|Any CPU.ActiveCfg = Debug|Any CPU
		{5D26DAEC-FA00-49CF-87BC-31EC3F057386}.Debug|Any CPU.Build.0 = Debug|Any CPU
		{5D26DAEC-FA00-49CF-87BC-31EC3F057386}.Release|Any CPU.ActiveCfg = Release|Any CPU
		{5D26DAEC-FA00-49CF-87BC-31EC3F057386}.Release|Any CPU.Build.0 = Release|Any CPU
	EndGlobalSection
EndGlobal
